
Microsoft Visual Studio Solution File, Format Version 12.00
# Visual Studio Version 17
VisualStudioVersion = 17.0.31717.71
MinimumVisualStudioVersion = 10.0.40219.1
Project("{9A19103F-16F7-4668-BE54-9A1E7A4F7556}") = "BookShopFront", "BookShopFront.csproj", "{88DC3287-1710-4979-9E33-0814B29DD988}"
EndProject
Global
	GlobalSection(SolutionConfigurationPlatforms) = preSolution
		Debug|Any CPU = Debug|Any CPU
		Release|Any CPU = Release|Any CPU
	EndGlobalSection
	GlobalSection(ProjectConfigurationPlatforms) = postSolution
		{88DC3287-1710-4979-9E33-0814B29DD988}.Debug|Any CPU.ActiveCfg = Debug|Any CPU
		{88DC3287-1710-4979-9E33-0814B29DD988}.Debug|Any CPU.Build.0 = Debug|Any CPU
		{88DC3287-1710-4979-9E33-0814B29DD988}.Release|Any CPU.ActiveCfg = Release|Any CPU
		{88DC3287-1710-4979-9E33-0814B29DD988}.Release|Any CPU.Build.0 = Release|Any CPU
	EndGlobalSection
	GlobalSection(SolutionProperties) = preSolution
		HideSolutionNode = FALSE
	EndGlobalSection
	GlobalSection(ExtensibilityGlobals) = postSolution
		SolutionGuid = {9CD8E552-234C-4846-9DE4-1FFF0E5D40D5}
	EndGlobalSection
EndGlobal